{
  "version": 4,
  "terraform_version": "1.3.7",
  "serial": 30,
  "lineage": "065216fa-8a3b-950f-fe14-8ea6c6dc90c5",
  "outputs": {},
  "resources": [
    {
      "mode": "managed",
      "type": "google_iam_workload_identity_pool",
      "name": "tfc_identity_pool",
      "provider": "provider[\"registry.terraform.io/hashicorp/google\"]",
      "instances": [
        {
          "schema_version": 0,
          "attributes": {
            "description": "Production Pool",
            "disabled": false,
            "display_name": "terraform-pool-prod",
            "id": "projects/apidev-apigeex-sandbox-d29a/locations/global/workloadIdentityPools/terraform-pool-prod",
            "name": "projects/896403917428/locations/global/workloadIdentityPools/terraform-pool-prod",
            "project": "apidev-apigeex-sandbox-d29a",
            "state": "ACTIVE",
            "timeouts": null,
            "workload_identity_pool_id": "terraform-pool-prod"
          },
          "sensitive_attributes": [],
          "private": "eyJlMmJmYjczMC1lY2FhLTExZTYtOGY4OC0zNDM2M2JjN2M0YzAiOnsiY3JlYXRlIjoxMjAwMDAwMDAwMDAwLCJkZWxldGUiOjEyMDAwMDAwMDAwMDAsInVwZGF0ZSI6MTIwMDAwMDAwMDAwMH19"
        }
      ]
    },
    {
      "mode": "managed",
      "type": "google_iam_workload_identity_pool_provider",
      "name": "pool-provider",
      "provider": "provider[\"registry.terraform.io/hashicorp/google\"]",
      "instances": [
        {
          "schema_version": 0,
          "attributes": {
            "attribute_condition": "",
            "attribute_mapping": {
              "attribute.actor": "assertion.actor",
              "attribute.repository": "assertion.repository",
              "google.subject": "assertion.sub"
            },
            "aws": [],
            "description": "Terraform Cloud OIDC Provider",
            "disabled": false,
            "display_name": "terraform-cloud-oidc-prod",
            "id": "projects/apidev-apigeex-sandbox-d29a/locations/global/workloadIdentityPools/terraform-pool-prod/providers/terraform-cloud-oidc-prod",
            "name": "projects/896403917428/locations/global/workloadIdentityPools/terraform-pool-prod/providers/terraform-cloud-oidc-prod",
            "oidc": [
              {
                "allowed_audiences": [],
                "issuer_uri": "https://token.actions.githubusercontent.com",
                "jwks_json": ""
              }
            ],
            "project": "apidev-apigeex-sandbox-d29a",
            "state": "ACTIVE",
            "timeouts": null,
            "workload_identity_pool_id": "terraform-pool-prod",
            "workload_identity_pool_provider_id": "terraform-cloud-oidc-prod"
          },
          "sensitive_attributes": [],
          "private": "eyJlMmJmYjczMC1lY2FhLTExZTYtOGY4OC0zNDM2M2JjN2M0YzAiOnsiY3JlYXRlIjoxMjAwMDAwMDAwMDAwLCJkZWxldGUiOjEyMDAwMDAwMDAwMDAsInVwZGF0ZSI6MTIwMDAwMDAwMDAwMH19",
          "dependencies": [
            "google_iam_workload_identity_pool.tfc_identity_pool"
          ]
        }
      ]
    },
    {
      "mode": "managed",
      "type": "google_service_account_iam_binding",
      "name": "sa_tf_banking_dev_iam",
      "provider": "provider[\"registry.terraform.io/hashicorp/google\"]",
      "instances": [
        {
          "schema_version": 0,
          "attributes": {
            "condition": [],
            "etag": "BwYLwcpAcMo=",
            "id": "projects/apidev-apigeex-sandbox-d29a/serviceAccounts/git-cicd@apidev-apigeex-sandbox-d29a.iam.gserviceaccount.com/roles/iam.workloadIdentityUser",
            "members": [
              "principalSet://iam.googleapis.com/projects/896403917428/locations/global/workloadIdentityPools/terraform-pool-prod/attribute.repository/pedroaddias/apigee-sample"
            ],
            "role": "roles/iam.workloadIdentityUser",
            "service_account_id": "projects/apidev-apigeex-sandbox-d29a/serviceAccounts/git-cicd@apidev-apigeex-sandbox-d29a.iam.gserviceaccount.com"
          },
          "sensitive_attributes": [],
          "private": "bnVsbA==",
          "dependencies": [
            "google_iam_workload_identity_pool.tfc_identity_pool",
            "google_iam_workload_identity_pool_provider.pool-provider"
          ]
        }
      ]
    }
  ],
  "check_results": null
}
